
Microsoft Visual Studio Solution File, Format Version 12.00
# Visual Studio 14
VisualStudioVersion = 14.0.25123.0
MinimumVisualStudioVersion = 10.0.40219.1
Project("{FAE04EC0-301F-11D3-BF4B-00C04F79EFBC}") = "GetReady.Domain", "GetReady.Domain\GetReady.Domain.csproj", "{D4B8D004-E778-4C43-A4D5-C9AF67D7F807}"
EndProject
Project("{FAE04EC0-301F-11D3-BF4B-00C04F79EFBC}") = "GetReady.Tests", "GetReady.Tests\GetReady.Tests.csproj", "{6FCB8527-0989-4F09-8F01-FFB53C77ABB4}"
EndProject
Project("{FAE04EC0-301F-11D3-BF4B-00C04F79EFBC}") = "GetReady.Client.Mvc", "GetReady.Client.Mvc\GetReady.Client.Mvc.csproj", "{3DB1C4B4-661E-436F-ACCA-9EF625472F4D}"
EndProject
Project("{2150E333-8FDC-42A3-9474-1A3956D46DE8}") = "Solution Items", "Solution Items", "{368CF9B5-E181-4809-824D-9727B51E9075}"
	ProjectSection(SolutionItems) = preProject
		readme.md = readme.md
	EndProjectSection
EndProject
Global
	GlobalSection(SolutionConfigurationPlatforms) = preSolution
		Debug|Any CPU = Debug|Any CPU
		Release|Any CPU = Release|Any CPU
	EndGlobalSection
	GlobalSection(ProjectConfigurationPlatforms) = postSolution
		{D4B8D004-E778-4C43-A4D5-C9AF67D7F807}.Debug|Any CPU.ActiveCfg = Debug|Any CPU
		{D4B8D004-E778-4C43-A4D5-C9AF67D7F807}.Debug|Any CPU.Build.0 = Debug|Any CPU
		{D4B8D004-E778-4C43-A4D5-C9AF67D7F807}.Release|Any CPU.ActiveCfg = Release|Any CPU
		{D4B8D004-E778-4C43-A4D5-C9AF67D7F807}.Release|Any CPU.Build.0 = Release|Any CPU
		{6FCB8527-0989-4F09-8F01-FFB53C77ABB4}.Debug|Any CPU.ActiveCfg = Debug|Any CPU
		{6FCB8527-0989-4F09-8F01-FFB53C77ABB4}.Debug|Any CPU.Build.0 = Debug|Any CPU
		{6FCB8527-0989-4F09-8F01-FFB53C77ABB4}.Release|Any CPU.ActiveCfg = Release|Any CPU
		{6FCB8527-0989-4F09-8F01-FFB53C77ABB4}.Release|Any CPU.Build.0 = Release|Any CPU
		{3DB1C4B4-661E-436F-ACCA-9EF625472F4D}.Debug|Any CPU.ActiveCfg = Debug|Any CPU
		{3DB1C4B4-661E-436F-ACCA-9EF625472F4D}.Debug|Any CPU.Build.0 = Debug|Any CPU
		{3DB1C4B4-661E-436F-ACCA-9EF625472F4D}.Release|Any CPU.ActiveCfg = Release|Any CPU
		{3DB1C4B4-661E-436F-ACCA-9EF625472F4D}.Release|Any CPU.Build.0 = Release|Any CPU
	EndGlobalSection
	GlobalSection(SolutionProperties) = preSolution
		HideSolutionNode = FALSE
	EndGlobalSection
EndGlobal
